
Microsoft Visual Studio Solution File, Format Version 12.00
# Visual Studio Version 17
VisualStudioVersion = 17.10.34916.146
MinimumVisualStudioVersion = 10.0.40219.1
Project("{8BC9CEB8-8B4A-11D0-8D11-00A0C91BC942}") = "BlackJack_Teacher", "BlackJack_Teacher.vcxproj", "{DA7A237A-FE10-4E5F-A8A9-952C28A62351}"
EndProject
Global
	GlobalSection(SolutionConfigurationPlatforms) = preSolution
		Debug|x64 = Debug|x64
		Debug|x86 = Debug|x86
		Release|x64 = Release|x64
		Release|x86 = Release|x86
	EndGlobalSection
	GlobalSection(ProjectConfigurationPlatforms) = postSolution
		{DA7A237A-FE10-4E5F-A8A9-952C28A62351}.Debug|x64.ActiveCfg = Debug|x64
		{DA7A237A-FE10-4E5F-A8A9-952C28A62351}.Debug|x64.Build.0 = Debug|x64
		{DA7A237A-FE10-4E5F-A8A9-952C28A62351}.Debug|x86.ActiveCfg = Debug|Win32
		{DA7A237A-FE10-4E5F-A8A9-952C28A62351}.Debug|x86.Build.0 = Debug|Win32
		{DA7A237A-FE10-4E5F-A8A9-952C28A62351}.Release|x64.ActiveCfg = Release|x64
		{DA7A237A-FE10-4E5F-A8A9-952C28A62351}.Release|x64.Build.0 = Release|x64
		{DA7A237A-FE10-4E5F-A8A9-952C28A62351}.Release|x86.ActiveCfg = Release|Win32
		{DA7A237A-FE10-4E5F-A8A9-952C28A62351}.Release|x86.Build.0 = Release|Win32
	EndGlobalSection
	GlobalSection(SolutionProperties) = preSolution
		HideSolutionNode = FALSE
	EndGlobalSection
	GlobalSection(ExtensibilityGlobals) = postSolution
		SolutionGuid = {A12E168F-A06C-45F8-AF80-AF189D874EF7}
	EndGlobalSection
EndGlobal
